{
  "version": 4,
  "terraform_version": "0.14.2",
  "serial": 85,
  "lineage": "4d49fa0d-dc18-eeb6-2471-42333be3af1b",
  "outputs": {
    "public_ip_address": {
      "value": "13.90.145.241",
      "type": "string"
    }
  },
  "resources": [
    {
      "mode": "data",
      "type": "azurerm_public_ip",
      "name": "ip_aula_ansible_data",
      "provider": "provider[\"registry.terraform.io/hashicorp/azurerm\"]",
      "instances": [
        {
          "schema_version": 0,
          "attributes": {
            "allocation_method": "Static",
            "domain_name_label": "",
            "fqdn": "",
            "id": "/subscriptions/3231ca8c-f392-4473-b23d-ef052e9eed0f/resourceGroups/myResourceGroup/providers/Microsoft.Network/publicIPAddresses/myPublicIPAnsible",
            "idle_timeout_in_minutes": 30,
            "ip_address": "13.90.145.250",
            "ip_version": "IPv4",
            "location": "eastus",
            "name": "myPublicIPAnsible",
            "resource_group_name": "myResourceGroup",
            "reverse_fqdn": "",
            "sku": "Basic",
            "tags": {
              "environment": "aula infra",
              "tool": "ansible"
            },
            "timeouts": null,
            "zones": []
          },
          "sensitive_attributes": []
        }
      ]
    },
    {
      "mode": "data",
      "type": "azurerm_public_ip",
      "name": "ip_aula_data",
      "provider": "provider[\"registry.terraform.io/hashicorp/azurerm\"]",
      "instances": [
        {
          "schema_version": 0,
          "attributes": {
            "allocation_method": "Static",
            "domain_name_label": "",
            "fqdn": "",
            "id": "/subscriptions/3231ca8c-f392-4473-b23d-ef052e9eed0f/resourceGroups/myResourceGroup/providers/Microsoft.Network/publicIPAddresses/myPublicIP",
            "idle_timeout_in_minutes": 30,
            "ip_address": "13.90.145.241",
            "ip_version": "IPv4",
            "location": "eastus",
            "name": "myPublicIP",
            "resource_group_name": "myResourceGroup",
            "reverse_fqdn": "",
            "sku": "Basic",
            "tags": {
              "environment": "aula infra"
            },
            "timeouts": null,
            "zones": []
          },
          "sensitive_attributes": []
        }
      ]
    },
    {
      "mode": "managed",
      "type": "azurerm_linux_virtual_machine",
      "name": "vm_aula",
      "provider": "provider[\"registry.terraform.io/hashicorp/azurerm\"]",
      "instances": [
        {
          "schema_version": 0,
          "attributes": {
            "additional_capabilities": [],
            "admin_password": "godofw@r35",
            "admin_ssh_key": [],
            "admin_username": "azureuser",
            "allow_extension_operations": true,
            "availability_set_id": "",
            "boot_diagnostics": [
              {
                "storage_account_uri": "https://storageaulavm.blob.core.windows.net/"
              }
            ],
            "computer_name": "myvm",
            "custom_data": null,
            "dedicated_host_id": "",
            "disable_password_authentication": false,
            "eviction_policy": "",
            "id": "/subscriptions/3231ca8c-f392-4473-b23d-ef052e9eed0f/resourceGroups/myResourceGroup/providers/Microsoft.Compute/virtualMachines/myVM",
            "identity": [],
            "location": "eastus",
            "max_bid_price": -1,
            "name": "myVM",
            "network_interface_ids": [
              "/subscriptions/3231ca8c-f392-4473-b23d-ef052e9eed0f/resourceGroups/myResourceGroup/providers/Microsoft.Network/networkInterfaces/myNIC"
            ],
            "os_disk": [
              {
                "caching": "ReadWrite",
                "diff_disk_settings": [],
                "disk_encryption_set_id": "",
                "disk_size_gb": 30,
                "name": "myOsDisk",
                "storage_account_type": "Premium_LRS",
                "write_accelerator_enabled": false
              }
            ],
            "plan": [],
            "priority": "Regular",
            "private_ip_address": "10.80.4.11",
            "private_ip_addresses": [
              "10.80.4.11"
            ],
            "provision_vm_agent": true,
            "proximity_placement_group_id": "",
            "public_ip_address": "13.90.145.241",
            "public_ip_addresses": [
              "13.90.145.241"
            ],
            "resource_group_name": "myResourceGroup",
            "secret": [],
            "size": "Standard_DS1_v2",
            "source_image_id": "",
            "source_image_reference": [
              {
                "offer": "UbuntuServer",
                "publisher": "Canonical",
                "sku": "18.04-LTS",
                "version": "latest"
              }
            ],
            "tags": {
              "environment": "aula infra"
            },
            "timeouts": null,
            "virtual_machine_id": "d4dbfc51-2792-4999-bbcb-1e06082b2774",
            "virtual_machine_scale_set_id": "",
            "zone": ""
          },
          "sensitive_attributes": [],
          "private": "eyJlMmJmYjczMC1lY2FhLTExZTYtOGY4OC0zNDM2M2JjN2M0YzAiOnsiY3JlYXRlIjoyNzAwMDAwMDAwMDAwLCJkZWxldGUiOjI3MDAwMDAwMDAwMDAsInJlYWQiOjMwMDAwMDAwMDAwMCwidXBkYXRlIjoyNzAwMDAwMDAwMDAwfX0=",
          "dependencies": [
            "azurerm_network_interface.nic_aula",
            "azurerm_public_ip.publicip_aula",
            "azurerm_resource_group.rg_aula",
            "azurerm_storage_account.storage_aula",
            "azurerm_subnet.subnet_aula",
            "azurerm_virtual_network.vnet_aula"
          ]
        }
      ]
    },
    {
      "mode": "managed",
      "type": "azurerm_linux_virtual_machine",
      "name": "vm_aula_db",
      "provider": "provider[\"registry.terraform.io/hashicorp/azurerm\"]",
      "instances": [
        {
          "schema_version": 0,
          "attributes": {
            "additional_capabilities": [],
            "admin_password": "godofw@r35",
            "admin_ssh_key": [],
            "admin_username": "azureuser",
            "allow_extension_operations": true,
            "availability_set_id": "",
            "boot_diagnostics": [
              {
                "storage_account_uri": "https://storageauladb.blob.core.windows.net/"
              }
            ],
            "computer_name": "myvmdb",
            "custom_data": null,
            "dedicated_host_id": "",
            "disable_password_authentication": false,
            "eviction_policy": "",
            "id": "/subscriptions/3231ca8c-f392-4473-b23d-ef052e9eed0f/resourceGroups/myResourceGroup/providers/Microsoft.Compute/virtualMachines/myVMDB",
            "identity": [],
            "location": "eastus",
            "max_bid_price": -1,
            "name": "myVMDB",
            "network_interface_ids": [
              "/subscriptions/3231ca8c-f392-4473-b23d-ef052e9eed0f/resourceGroups/myResourceGroup/providers/Microsoft.Network/networkInterfaces/myNICDB"
            ],
            "os_disk": [
              {
                "caching": "ReadWrite",
                "diff_disk_settings": [],
                "disk_encryption_set_id": "",
                "disk_size_gb": 30,
                "name": "myOsDBDisk",
                "storage_account_type": "Premium_LRS",
                "write_accelerator_enabled": false
              }
            ],
            "plan": [],
            "priority": "Regular",
            "private_ip_address": "10.80.4.10",
            "private_ip_addresses": [
              "10.80.4.10"
            ],
            "provision_vm_agent": true,
            "proximity_placement_group_id": "",
            "public_ip_address": "",
            "public_ip_addresses": [],
            "resource_group_name": "myResourceGroup",
            "secret": [],
            "size": "Standard_DS1_v2",
            "source_image_id": "",
            "source_image_reference": [
              {
                "offer": "UbuntuServer",
                "publisher": "Canonical",
                "sku": "18.04-LTS",
                "version": "latest"
              }
            ],
            "tags": {
              "environment": "aula infra"
            },
            "timeouts": null,
            "virtual_machine_id": "2f622b39-450e-4ffc-8616-20ae37c1e259",
            "virtual_machine_scale_set_id": "",
            "zone": ""
          },
          "sensitive_attributes": [],
          "private": "eyJlMmJmYjczMC1lY2FhLTExZTYtOGY4OC0zNDM2M2JjN2M0YzAiOnsiY3JlYXRlIjoyNzAwMDAwMDAwMDAwLCJkZWxldGUiOjI3MDAwMDAwMDAwMDAsInJlYWQiOjMwMDAwMDAwMDAwMCwidXBkYXRlIjoyNzAwMDAwMDAwMDAwfX0=",
          "dependencies": [
            "azurerm_network_interface.nic_aula_db",
            "azurerm_resource_group.rg_aula",
            "azurerm_storage_account.storage_aula_db",
            "azurerm_subnet.subnet_aula",
            "azurerm_virtual_network.vnet_aula"
          ]
        }
      ]
    },
    {
      "mode": "managed",
      "type": "azurerm_network_interface",
      "name": "nic_aula",
      "provider": "provider[\"registry.terraform.io/hashicorp/azurerm\"]",
      "instances": [
        {
          "schema_version": 0,
          "attributes": {
            "applied_dns_servers": [],
            "dns_servers": [],
            "enable_accelerated_networking": false,
            "enable_ip_forwarding": false,
            "id": "/subscriptions/3231ca8c-f392-4473-b23d-ef052e9eed0f/resourceGroups/myResourceGroup/providers/Microsoft.Network/networkInterfaces/myNIC",
            "internal_dns_name_label": "",
            "internal_domain_name_suffix": "1bdgg3sed5ce3of0zbnvlng2hb.bx.internal.cloudapp.net",
            "ip_configuration": [
              {
                "name": "myNicConfiguration",
                "primary": true,
                "private_ip_address": "10.80.4.11",
                "private_ip_address_allocation": "Static",
                "private_ip_address_version": "IPv4",
                "public_ip_address_id": "/subscriptions/3231ca8c-f392-4473-b23d-ef052e9eed0f/resourceGroups/myResourceGroup/providers/Microsoft.Network/publicIPAddresses/myPublicIP",
                "subnet_id": "/subscriptions/3231ca8c-f392-4473-b23d-ef052e9eed0f/resourceGroups/myResourceGroup/providers/Microsoft.Network/virtualNetworks/myVnet/subnets/mySubnet"
              }
            ],
            "location": "eastus",
            "mac_address": "",
            "name": "myNIC",
            "private_ip_address": "10.80.4.11",
            "private_ip_addresses": [
              "10.80.4.11"
            ],
            "resource_group_name": "myResourceGroup",
            "tags": {
              "environment": "aula infra"
            },
            "timeouts": null,
            "virtual_machine_id": ""
          },
          "sensitive_attributes": [],
          "private": "eyJlMmJmYjczMC1lY2FhLTExZTYtOGY4OC0zNDM2M2JjN2M0YzAiOnsiY3JlYXRlIjoxODAwMDAwMDAwMDAwLCJkZWxldGUiOjE4MDAwMDAwMDAwMDAsInJlYWQiOjMwMDAwMDAwMDAwMCwidXBkYXRlIjoxODAwMDAwMDAwMDAwfX0=",
          "dependencies": [
            "azurerm_public_ip.publicip_aula",
            "azurerm_resource_group.rg_aula",
            "azurerm_subnet.subnet_aula",
            "azurerm_virtual_network.vnet_aula"
          ]
        }
      ]
    },
    {
      "mode": "managed",
      "type": "azurerm_network_interface",
      "name": "nic_aula_db",
      "provider": "provider[\"registry.terraform.io/hashicorp/azurerm\"]",
      "instances": [
        {
          "schema_version": 0,
          "attributes": {
            "applied_dns_servers": [],
            "dns_servers": [],
            "enable_accelerated_networking": false,
            "enable_ip_forwarding": false,
            "id": "/subscriptions/3231ca8c-f392-4473-b23d-ef052e9eed0f/resourceGroups/myResourceGroup/providers/Microsoft.Network/networkInterfaces/myNICDB",
            "internal_dns_name_label": "",
            "internal_domain_name_suffix": "1bdgg3sed5ce3of0zbnvlng2hb.bx.internal.cloudapp.net",
            "ip_configuration": [
              {
                "name": "myNicConfigurationDB",
                "primary": true,
                "private_ip_address": "10.80.4.10",
                "private_ip_address_allocation": "Static",
                "private_ip_address_version": "IPv4",
                "public_ip_address_id": "",
                "subnet_id": "/subscriptions/3231ca8c-f392-4473-b23d-ef052e9eed0f/resourceGroups/myResourceGroup/providers/Microsoft.Network/virtualNetworks/myVnet/subnets/mySubnet"
              }
            ],
            "location": "eastus",
            "mac_address": "",
            "name": "myNICDB",
            "private_ip_address": "10.80.4.10",
            "private_ip_addresses": [
              "10.80.4.10"
            ],
            "resource_group_name": "myResourceGroup",
            "tags": {
              "environment": "aula infra"
            },
            "timeouts": null,
            "virtual_machine_id": ""
          },
          "sensitive_attributes": [],
          "private": "eyJlMmJmYjczMC1lY2FhLTExZTYtOGY4OC0zNDM2M2JjN2M0YzAiOnsiY3JlYXRlIjoxODAwMDAwMDAwMDAwLCJkZWxldGUiOjE4MDAwMDAwMDAwMDAsInJlYWQiOjMwMDAwMDAwMDAwMCwidXBkYXRlIjoxODAwMDAwMDAwMDAwfX0=",
          "dependencies": [
            "azurerm_resource_group.rg_aula",
            "azurerm_subnet.subnet_aula",
            "azurerm_virtual_network.vnet_aula"
          ]
        }
      ]
    },
    {
      "mode": "managed",
      "type": "azurerm_network_interface_security_group_association",
      "name": "nicsq_aula",
      "provider": "provider[\"registry.terraform.io/hashicorp/azurerm\"]",
      "instances": [
        {
          "schema_version": 0,
          "attributes": {
            "id": "/subscriptions/3231ca8c-f392-4473-b23d-ef052e9eed0f/resourceGroups/myResourceGroup/providers/Microsoft.Network/networkInterfaces/myNIC|/subscriptions/3231ca8c-f392-4473-b23d-ef052e9eed0f/resourceGroups/myResourceGroup/providers/Microsoft.Network/networkSecurityGroups/myNetworkSecurityGroup",
            "network_interface_id": "/subscriptions/3231ca8c-f392-4473-b23d-ef052e9eed0f/resourceGroups/myResourceGroup/providers/Microsoft.Network/networkInterfaces/myNIC",
            "network_security_group_id": "/subscriptions/3231ca8c-f392-4473-b23d-ef052e9eed0f/resourceGroups/myResourceGroup/providers/Microsoft.Network/networkSecurityGroups/myNetworkSecurityGroup",
            "timeouts": null
          },
          "sensitive_attributes": [],
          "private": "eyJlMmJmYjczMC1lY2FhLTExZTYtOGY4OC0zNDM2M2JjN2M0YzAiOnsiY3JlYXRlIjoxODAwMDAwMDAwMDAwLCJkZWxldGUiOjE4MDAwMDAwMDAwMDAsInJlYWQiOjMwMDAwMDAwMDAwMCwidXBkYXRlIjoxODAwMDAwMDAwMDAwfX0=",
          "dependencies": [
            "azurerm_network_interface.nic_aula",
            "azurerm_network_security_group.sg_aula",
            "azurerm_public_ip.publicip_aula",
            "azurerm_resource_group.rg_aula",
            "azurerm_subnet.subnet_aula",
            "azurerm_virtual_network.vnet_aula"
          ]
        }
      ]
    },
    {
      "mode": "managed",
      "type": "azurerm_network_interface_security_group_association",
      "name": "nicsq_aula_db",
      "provider": "provider[\"registry.terraform.io/hashicorp/azurerm\"]",
      "instances": [
        {
          "schema_version": 0,
          "attributes": {
            "id": "/subscriptions/3231ca8c-f392-4473-b23d-ef052e9eed0f/resourceGroups/myResourceGroup/providers/Microsoft.Network/networkInterfaces/myNICDB|/subscriptions/3231ca8c-f392-4473-b23d-ef052e9eed0f/resourceGroups/myResourceGroup/providers/Microsoft.Network/networkSecurityGroups/myNetworkSecurityGroup",
            "network_interface_id": "/subscriptions/3231ca8c-f392-4473-b23d-ef052e9eed0f/resourceGroups/myResourceGroup/providers/Microsoft.Network/networkInterfaces/myNICDB",
            "network_security_group_id": "/subscriptions/3231ca8c-f392-4473-b23d-ef052e9eed0f/resourceGroups/myResourceGroup/providers/Microsoft.Network/networkSecurityGroups/myNetworkSecurityGroup",
            "timeouts": null
          },
          "sensitive_attributes": [],
          "private": "eyJlMmJmYjczMC1lY2FhLTExZTYtOGY4OC0zNDM2M2JjN2M0YzAiOnsiY3JlYXRlIjoxODAwMDAwMDAwMDAwLCJkZWxldGUiOjE4MDAwMDAwMDAwMDAsInJlYWQiOjMwMDAwMDAwMDAwMCwidXBkYXRlIjoxODAwMDAwMDAwMDAwfX0=",
          "dependencies": [
            "azurerm_network_interface.nic_aula_db",
            "azurerm_network_security_group.sg_aula",
            "azurerm_resource_group.rg_aula",
            "azurerm_subnet.subnet_aula",
            "azurerm_virtual_network.vnet_aula"
          ]
        }
      ]
    },
    {
      "mode": "managed",
      "type": "azurerm_network_security_group",
      "name": "sg_aula",
      "provider": "provider[\"registry.terraform.io/hashicorp/azurerm\"]",
      "instances": [
        {
          "schema_version": 0,
          "attributes": {
            "id": "/subscriptions/3231ca8c-f392-4473-b23d-ef052e9eed0f/resourceGroups/myResourceGroup/providers/Microsoft.Network/networkSecurityGroups/myNetworkSecurityGroup",
            "location": "eastus",
            "name": "myNetworkSecurityGroup",
            "resource_group_name": "myResourceGroup",
            "security_rule": [
              {
                "access": "Allow",
                "description": "",
                "destination_address_prefix": "*",
                "destination_address_prefixes": [],
                "destination_application_security_group_ids": [],
                "destination_port_range": "22",
                "destination_port_ranges": [],
                "direction": "Inbound",
                "name": "SSH",
                "priority": 1001,
                "protocol": "Tcp",
                "source_address_prefix": "*",
                "source_address_prefixes": [],
                "source_application_security_group_ids": [],
                "source_port_range": "*",
                "source_port_ranges": []
              },
              {
                "access": "Allow",
                "description": "",
                "destination_address_prefix": "*",
                "destination_address_prefixes": [],
                "destination_application_security_group_ids": [],
                "destination_port_range": "8080",
                "destination_port_ranges": [],
                "direction": "Inbound",
                "name": "HTTPInbound",
                "priority": 1002,
                "protocol": "Tcp",
                "source_address_prefix": "*",
                "source_address_prefixes": [],
                "source_application_security_group_ids": [],
                "source_port_range": "*",
                "source_port_ranges": []
              },
              {
                "access": "Allow",
                "description": "",
                "destination_address_prefix": "*",
                "destination_address_prefixes": [],
                "destination_application_security_group_ids": [],
                "destination_port_range": "8080",
                "destination_port_ranges": [],
                "direction": "Outbound",
                "name": "HTTPOutbound",
                "priority": 1003,
                "protocol": "Tcp",
                "source_address_prefix": "*",
                "source_address_prefixes": [],
                "source_application_security_group_ids": [],
                "source_port_range": "*",
                "source_port_ranges": []
              }
            ],
            "tags": {
              "environment": "aula infra"
            },
            "timeouts": null
          },
          "sensitive_attributes": [],
          "private": "eyJlMmJmYjczMC1lY2FhLTExZTYtOGY4OC0zNDM2M2JjN2M0YzAiOnsiY3JlYXRlIjoxODAwMDAwMDAwMDAwLCJkZWxldGUiOjE4MDAwMDAwMDAwMDAsInJlYWQiOjMwMDAwMDAwMDAwMCwidXBkYXRlIjoxODAwMDAwMDAwMDAwfX0=",
          "dependencies": [
            "azurerm_resource_group.rg_aula"
          ]
        }
      ]
    },
    {
      "mode": "managed",
      "type": "azurerm_public_ip",
      "name": "publicip_aula",
      "provider": "provider[\"registry.terraform.io/hashicorp/azurerm\"]",
      "instances": [
        {
          "schema_version": 0,
          "attributes": {
            "allocation_method": "Static",
            "domain_name_label": null,
            "fqdn": null,
            "id": "/subscriptions/3231ca8c-f392-4473-b23d-ef052e9eed0f/resourceGroups/myResourceGroup/providers/Microsoft.Network/publicIPAddresses/myPublicIP",
            "idle_timeout_in_minutes": 30,
            "ip_address": "13.90.145.241",
            "ip_version": "IPv4",
            "location": "eastus",
            "name": "myPublicIP",
            "public_ip_prefix_id": null,
            "resource_group_name": "myResourceGroup",
            "reverse_fqdn": null,
            "sku": "Basic",
            "tags": {
              "environment": "aula infra"
            },
            "timeouts": null,
            "zones": null
          },
          "sensitive_attributes": [],
          "private": "eyJlMmJmYjczMC1lY2FhLTExZTYtOGY4OC0zNDM2M2JjN2M0YzAiOnsiY3JlYXRlIjoxODAwMDAwMDAwMDAwLCJkZWxldGUiOjE4MDAwMDAwMDAwMDAsInJlYWQiOjMwMDAwMDAwMDAwMCwidXBkYXRlIjoxODAwMDAwMDAwMDAwfX0=",
          "dependencies": [
            "azurerm_resource_group.rg_aula"
          ]
        }
      ]
    },
    {
      "mode": "managed",
      "type": "azurerm_resource_group",
      "name": "rg_aula",
      "provider": "provider[\"registry.terraform.io/hashicorp/azurerm\"]",
      "instances": [
        {
          "schema_version": 0,
          "attributes": {
            "id": "/subscriptions/3231ca8c-f392-4473-b23d-ef052e9eed0f/resourceGroups/myResourceGroup",
            "location": "eastus",
            "name": "myResourceGroup",
            "tags": {
              "environment": "aula infra"
            },
            "timeouts": null
          },
          "sensitive_attributes": [],
          "private": "eyJlMmJmYjczMC1lY2FhLTExZTYtOGY4OC0zNDM2M2JjN2M0YzAiOnsiY3JlYXRlIjo1NDAwMDAwMDAwMDAwLCJkZWxldGUiOjU0MDAwMDAwMDAwMDAsInJlYWQiOjMwMDAwMDAwMDAwMCwidXBkYXRlIjo1NDAwMDAwMDAwMDAwfX0="
        }
      ]
    },
    {
      "mode": "managed",
      "type": "azurerm_storage_account",
      "name": "storage_aula",
      "provider": "provider[\"registry.terraform.io/hashicorp/azurerm\"]",
      "instances": [
        {
          "schema_version": 2,
          "attributes": {
            "access_tier": "Hot",
            "account_kind": "StorageV2",
            "account_replication_type": "LRS",
            "account_tier": "Standard",
            "allow_blob_public_access": false,
            "blob_properties": [],
            "custom_domain": [],
            "enable_https_traffic_only": true,
            "id": "/subscriptions/3231ca8c-f392-4473-b23d-ef052e9eed0f/resourceGroups/myResourceGroup/providers/Microsoft.Storage/storageAccounts/storageaulavm",
            "identity": [],
            "is_hns_enabled": false,
            "location": "eastus",
            "min_tls_version": "TLS1_0",
            "name": "storageaulavm",
            "network_rules": [
              {
                "bypass": [
                  "AzureServices"
                ],
                "default_action": "Allow",
                "ip_rules": [],
                "virtual_network_subnet_ids": []
              }
            ],
            "primary_access_key": "d9uLHaYHMYR1WS5wUdhkNIJQPXJKhbtwLHi2Q05082FNjwoOLpeLEBpHa8UM/lKvuTngdysRfVIuPdqxCQqcpg==",
            "primary_blob_connection_string": "DefaultEndpointsProtocol=https;BlobEndpoint=https://storageaulavm.blob.core.windows.net/;AccountName=storageaulavm;AccountKey=d9uLHaYHMYR1WS5wUdhkNIJQPXJKhbtwLHi2Q05082FNjwoOLpeLEBpHa8UM/lKvuTngdysRfVIuPdqxCQqcpg==",
            "primary_blob_endpoint": "https://storageaulavm.blob.core.windows.net/",
            "primary_blob_host": "storageaulavm.blob.core.windows.net",
            "primary_connection_string": "DefaultEndpointsProtocol=https;AccountName=storageaulavm;AccountKey=d9uLHaYHMYR1WS5wUdhkNIJQPXJKhbtwLHi2Q05082FNjwoOLpeLEBpHa8UM/lKvuTngdysRfVIuPdqxCQqcpg==;EndpointSuffix=core.windows.net",
            "primary_dfs_endpoint": "https://storageaulavm.dfs.core.windows.net/",
            "primary_dfs_host": "storageaulavm.dfs.core.windows.net",
            "primary_file_endpoint": "https://storageaulavm.file.core.windows.net/",
            "primary_file_host": "storageaulavm.file.core.windows.net",
            "primary_location": "eastus",
            "primary_queue_endpoint": "https://storageaulavm.queue.core.windows.net/",
            "primary_queue_host": "storageaulavm.queue.core.windows.net",
            "primary_table_endpoint": "https://storageaulavm.table.core.windows.net/",
            "primary_table_host": "storageaulavm.table.core.windows.net",
            "primary_web_endpoint": "https://storageaulavm.z13.web.core.windows.net/",
            "primary_web_host": "storageaulavm.z13.web.core.windows.net",
            "queue_properties": [
              {
                "cors_rule": [],
                "hour_metrics": [
                  {
                    "enabled": true,
                    "include_apis": true,
                    "retention_policy_days": 7,
                    "version": "1.0"
                  }
                ],
                "logging": [
                  {
                    "delete": false,
                    "read": false,
                    "retention_policy_days": 0,
                    "version": "1.0",
                    "write": false
                  }
                ],
                "minute_metrics": [
                  {
                    "enabled": false,
                    "include_apis": false,
                    "retention_policy_days": 0,
                    "version": "1.0"
                  }
                ]
              }
            ],
            "resource_group_name": "myResourceGroup",
            "secondary_access_key": "ZbRkU7QvNDS0vUpl8y8YNqahMOAxZ22oEnyjCBoVNqPfYpJLR85txQGi2BZOh7w1y/EyMEM61dgzk+av0mdiOA==",
            "secondary_blob_connection_string": "",
            "secondary_blob_endpoint": null,
            "secondary_blob_host": null,
            "secondary_connection_string": "DefaultEndpointsProtocol=https;AccountName=storageaulavm;AccountKey=ZbRkU7QvNDS0vUpl8y8YNqahMOAxZ22oEnyjCBoVNqPfYpJLR85txQGi2BZOh7w1y/EyMEM61dgzk+av0mdiOA==;EndpointSuffix=core.windows.net",
            "secondary_dfs_endpoint": null,
            "secondary_dfs_host": null,
            "secondary_file_endpoint": null,
            "secondary_file_host": null,
            "secondary_location": "",
            "secondary_queue_endpoint": null,
            "secondary_queue_host": null,
            "secondary_table_endpoint": null,
            "secondary_table_host": null,
            "secondary_web_endpoint": null,
            "secondary_web_host": null,
            "static_website": [],
            "tags": {
              "environment": "aula infra"
            },
            "timeouts": null
          },
          "sensitive_attributes": [],
          "private": "eyJlMmJmYjczMC1lY2FhLTExZTYtOGY4OC0zNDM2M2JjN2M0YzAiOnsiY3JlYXRlIjozNjAwMDAwMDAwMDAwLCJkZWxldGUiOjM2MDAwMDAwMDAwMDAsInJlYWQiOjMwMDAwMDAwMDAwMCwidXBkYXRlIjozNjAwMDAwMDAwMDAwfSwic2NoZW1hX3ZlcnNpb24iOiIyIn0=",
          "dependencies": [
            "azurerm_resource_group.rg_aula"
          ]
        }
      ]
    },
    {
      "mode": "managed",
      "type": "azurerm_storage_account",
      "name": "storage_aula_db",
      "provider": "provider[\"registry.terraform.io/hashicorp/azurerm\"]",
      "instances": [
        {
          "schema_version": 2,
          "attributes": {
            "access_tier": "Hot",
            "account_kind": "StorageV2",
            "account_replication_type": "LRS",
            "account_tier": "Standard",
            "allow_blob_public_access": false,
            "blob_properties": [],
            "custom_domain": [],
            "enable_https_traffic_only": true,
            "id": "/subscriptions/3231ca8c-f392-4473-b23d-ef052e9eed0f/resourceGroups/myResourceGroup/providers/Microsoft.Storage/storageAccounts/storageauladb",
            "identity": [],
            "is_hns_enabled": false,
            "location": "eastus",
            "min_tls_version": "TLS1_0",
            "name": "storageauladb",
            "network_rules": [
              {
                "bypass": [
                  "AzureServices"
                ],
                "default_action": "Allow",
                "ip_rules": [],
                "virtual_network_subnet_ids": []
              }
            ],
            "primary_access_key": "nc4gUCepTVy7BEevhsO5vshxlE9MFBPz9MljZmj3shrGMfxTAnuZ9/fOkpZvIouX0mg5aRb23Di85BboeW8NQQ==",
            "primary_blob_connection_string": "DefaultEndpointsProtocol=https;BlobEndpoint=https://storageauladb.blob.core.windows.net/;AccountName=storageauladb;AccountKey=nc4gUCepTVy7BEevhsO5vshxlE9MFBPz9MljZmj3shrGMfxTAnuZ9/fOkpZvIouX0mg5aRb23Di85BboeW8NQQ==",
            "primary_blob_endpoint": "https://storageauladb.blob.core.windows.net/",
            "primary_blob_host": "storageauladb.blob.core.windows.net",
            "primary_connection_string": "DefaultEndpointsProtocol=https;AccountName=storageauladb;AccountKey=nc4gUCepTVy7BEevhsO5vshxlE9MFBPz9MljZmj3shrGMfxTAnuZ9/fOkpZvIouX0mg5aRb23Di85BboeW8NQQ==;EndpointSuffix=core.windows.net",
            "primary_dfs_endpoint": "https://storageauladb.dfs.core.windows.net/",
            "primary_dfs_host": "storageauladb.dfs.core.windows.net",
            "primary_file_endpoint": "https://storageauladb.file.core.windows.net/",
            "primary_file_host": "storageauladb.file.core.windows.net",
            "primary_location": "eastus",
            "primary_queue_endpoint": "https://storageauladb.queue.core.windows.net/",
            "primary_queue_host": "storageauladb.queue.core.windows.net",
            "primary_table_endpoint": "https://storageauladb.table.core.windows.net/",
            "primary_table_host": "storageauladb.table.core.windows.net",
            "primary_web_endpoint": "https://storageauladb.z13.web.core.windows.net/",
            "primary_web_host": "storageauladb.z13.web.core.windows.net",
            "queue_properties": [
              {
                "cors_rule": [],
                "hour_metrics": [
                  {
                    "enabled": true,
                    "include_apis": true,
                    "retention_policy_days": 7,
                    "version": "1.0"
                  }
                ],
                "logging": [
                  {
                    "delete": false,
                    "read": false,
                    "retention_policy_days": 0,
                    "version": "1.0",
                    "write": false
                  }
                ],
                "minute_metrics": [
                  {
                    "enabled": false,
                    "include_apis": false,
                    "retention_policy_days": 0,
                    "version": "1.0"
                  }
                ]
              }
            ],
            "resource_group_name": "myResourceGroup",
            "secondary_access_key": "Ztr4XmhGktjag319achjGhKiAhOURs3+iLq9W8TjP9RRPQyOMiK1RDPhDuxWhMLBoUiPRdVZ8KoDIAdXwudeVw==",
            "secondary_blob_connection_string": "",
            "secondary_blob_endpoint": null,
            "secondary_blob_host": null,
            "secondary_connection_string": "DefaultEndpointsProtocol=https;AccountName=storageauladb;AccountKey=Ztr4XmhGktjag319achjGhKiAhOURs3+iLq9W8TjP9RRPQyOMiK1RDPhDuxWhMLBoUiPRdVZ8KoDIAdXwudeVw==;EndpointSuffix=core.windows.net",
            "secondary_dfs_endpoint": null,
            "secondary_dfs_host": null,
            "secondary_file_endpoint": null,
            "secondary_file_host": null,
            "secondary_location": "",
            "secondary_queue_endpoint": null,
            "secondary_queue_host": null,
            "secondary_table_endpoint": null,
            "secondary_table_host": null,
            "secondary_web_endpoint": null,
            "secondary_web_host": null,
            "static_website": [],
            "tags": {
              "environment": "aula infra"
            },
            "timeouts": null
          },
          "sensitive_attributes": [],
          "private": "eyJlMmJmYjczMC1lY2FhLTExZTYtOGY4OC0zNDM2M2JjN2M0YzAiOnsiY3JlYXRlIjozNjAwMDAwMDAwMDAwLCJkZWxldGUiOjM2MDAwMDAwMDAwMDAsInJlYWQiOjMwMDAwMDAwMDAwMCwidXBkYXRlIjozNjAwMDAwMDAwMDAwfSwic2NoZW1hX3ZlcnNpb24iOiIyIn0=",
          "dependencies": [
            "azurerm_resource_group.rg_aula"
          ]
        }
      ]
    },
    {
      "mode": "managed",
      "type": "azurerm_subnet",
      "name": "subnet_aula",
      "provider": "provider[\"registry.terraform.io/hashicorp/azurerm\"]",
      "instances": [
        {
          "schema_version": 0,
          "attributes": {
            "address_prefix": "10.80.4.0/24",
            "address_prefixes": [
              "10.80.4.0/24"
            ],
            "delegation": [],
            "enforce_private_link_endpoint_network_policies": false,
            "enforce_private_link_service_network_policies": false,
            "id": "/subscriptions/3231ca8c-f392-4473-b23d-ef052e9eed0f/resourceGroups/myResourceGroup/providers/Microsoft.Network/virtualNetworks/myVnet/subnets/mySubnet",
            "name": "mySubnet",
            "resource_group_name": "myResourceGroup",
            "service_endpoints": null,
            "timeouts": null,
            "virtual_network_name": "myVnet"
          },
          "sensitive_attributes": [],
          "private": "eyJlMmJmYjczMC1lY2FhLTExZTYtOGY4OC0zNDM2M2JjN2M0YzAiOnsiY3JlYXRlIjoxODAwMDAwMDAwMDAwLCJkZWxldGUiOjE4MDAwMDAwMDAwMDAsInJlYWQiOjMwMDAwMDAwMDAwMCwidXBkYXRlIjoxODAwMDAwMDAwMDAwfX0=",
          "dependencies": [
            "azurerm_resource_group.rg_aula",
            "azurerm_virtual_network.vnet_aula"
          ]
        }
      ]
    },
    {
      "mode": "managed",
      "type": "azurerm_virtual_network",
      "name": "vnet_aula",
      "provider": "provider[\"registry.terraform.io/hashicorp/azurerm\"]",
      "instances": [
        {
          "schema_version": 0,
          "attributes": {
            "address_space": [
              "10.80.0.0/16"
            ],
            "ddos_protection_plan": [],
            "dns_servers": null,
            "guid": "766346d8-1f44-4ec4-b8ba-c85b55b4dc39",
            "id": "/subscriptions/3231ca8c-f392-4473-b23d-ef052e9eed0f/resourceGroups/myResourceGroup/providers/Microsoft.Network/virtualNetworks/myVnet",
            "location": "eastus",
            "name": "myVnet",
            "resource_group_name": "myResourceGroup",
            "subnet": [],
            "tags": {
              "environment": "aula infra"
            },
            "timeouts": null
          },
          "sensitive_attributes": [],
          "private": "eyJlMmJmYjczMC1lY2FhLTExZTYtOGY4OC0zNDM2M2JjN2M0YzAiOnsiY3JlYXRlIjoxODAwMDAwMDAwMDAwLCJkZWxldGUiOjE4MDAwMDAwMDAwMDAsInJlYWQiOjMwMDAwMDAwMDAwMCwidXBkYXRlIjoxODAwMDAwMDAwMDAwfX0=",
          "dependencies": [
            "azurerm_resource_group.rg_aula"
          ]
        }
      ]
    }
  ]
}
